
Microsoft Visual Studio Solution File, Format Version 12.00
# Visual Studio Version 17
VisualStudioVersion = 17.6.33829.357
MinimumVisualStudioVersion = 10.0.40219.1
Project("{FAE04EC0-301F-11D3-BF4B-00C04F79EFBC}") = "CreateTxtFiles", "CreateTxtFiles\CreateTxtFiles.csproj", "{A0DF6FC7-9117-49D9-91EC-E48CEA675B5E}"
EndProject
Global
	GlobalSection(SolutionConfigurationPlatforms) = preSolution
		Debug|Any CPU = Debug|Any CPU
		Release|Any CPU = Release|Any CPU
	EndGlobalSection
	GlobalSection(ProjectConfigurationPlatforms) = postSolution
		{A0DF6FC7-9117-49D9-91EC-E48CEA675B5E}.Debug|Any CPU.ActiveCfg = Debug|Any CPU
		{A0DF6FC7-9117-49D9-91EC-E48CEA675B5E}.Debug|Any CPU.Build.0 = Debug|Any CPU
		{A0DF6FC7-9117-49D9-91EC-E48CEA675B5E}.Release|Any CPU.ActiveCfg = Release|Any CPU
		{A0DF6FC7-9117-49D9-91EC-E48CEA675B5E}.Release|Any CPU.Build.0 = Release|Any CPU
	EndGlobalSection
	GlobalSection(SolutionProperties) = preSolution
		HideSolutionNode = FALSE
	EndGlobalSection
	GlobalSection(ExtensibilityGlobals) = postSolution
		SolutionGuid = {1A48FFEB-4F02-41C9-8B82-FB8681087A1E}
	EndGlobalSection
EndGlobal
